
Microsoft Visual Studio Solution File, Format Version 12.00
# Visual Studio Version 17
VisualStudioVersion = 17.11.35222.181
MinimumVisualStudioVersion = 10.0.40219.1
Project("{9A19103F-16F7-4668-BE54-9A1E7A4F7556}") = "FrenCircle.API", "FrenCircle.API\FrenCircle.API.csproj", "{B967F35B-6656-4C76-825D-4B158C77BB9F}"
EndProject
Project("{9A19103F-16F7-4668-BE54-9A1E7A4F7556}") = "FrenCircle.Entities", "FrenCircle.Entities\FrenCircle.Entities.csproj", "{A1169D96-3594-4460-B7D2-25E93A2D6D71}"
EndProject
Project("{9A19103F-16F7-4668-BE54-9A1E7A4F7556}") = "FrenCircle.Repositories", "FrenCircle.Repositories\FrenCircle.Repositories.csproj", "{941AA250-17B9-4D18-9D09-CAE1B5526C39}"
EndProject
Project("{54A90642-561A-4BB1-A94E-469ADEE60C69}") = "FrenCircle.UI", "FrenCircle.UI\FrenCircle.UI.esproj", "{B87CBCD7-BDC5-4C8C-83B2-E2BD8D84ABC2}"
EndProject
Project("{888888A0-9F3D-457C-B088-3A5042F75D52}") = "FrenCircle.Scripts", "FrenCircle.Scripts\FrenCircle.Scripts.pyproj", "{D8A0FD09-D5AA-4DB3-85DD-1F130FAE191D}"
EndProject
Project("{9A19103F-16F7-4668-BE54-9A1E7A4F7556}") = "FrenCircle.Services", "FrenCircle.Services\FrenCircle.Services.csproj", "{1202F1C2-78FA-4F4C-9EE2-CDC9B1D655A7}"
EndProject
Global
	GlobalSection(SolutionConfigurationPlatforms) = preSolution
		Debug|Any CPU = Debug|Any CPU
		Release|Any CPU = Release|Any CPU
	EndGlobalSection
	GlobalSection(ProjectConfigurationPlatforms) = postSolution
		{B967F35B-6656-4C76-825D-4B158C77BB9F}.Debug|Any CPU.ActiveCfg = Debug|Any CPU
		{B967F35B-6656-4C76-825D-4B158C77BB9F}.Debug|Any CPU.Build.0 = Debug|Any CPU
		{B967F35B-6656-4C76-825D-4B158C77BB9F}.Release|Any CPU.ActiveCfg = Release|Any CPU
		{B967F35B-6656-4C76-825D-4B158C77BB9F}.Release|Any CPU.Build.0 = Release|Any CPU
		{A1169D96-3594-4460-B7D2-25E93A2D6D71}.Debug|Any CPU.ActiveCfg = Debug|Any CPU
		{A1169D96-3594-4460-B7D2-25E93A2D6D71}.Debug|Any CPU.Build.0 = Debug|Any CPU
		{A1169D96-3594-4460-B7D2-25E93A2D6D71}.Release|Any CPU.ActiveCfg = Release|Any CPU
		{A1169D96-3594-4460-B7D2-25E93A2D6D71}.Release|Any CPU.Build.0 = Release|Any CPU
		{941AA250-17B9-4D18-9D09-CAE1B5526C39}.Debug|Any CPU.ActiveCfg = Debug|Any CPU
		{941AA250-17B9-4D18-9D09-CAE1B5526C39}.Debug|Any CPU.Build.0 = Debug|Any CPU
		{941AA250-17B9-4D18-9D09-CAE1B5526C39}.Release|Any CPU.ActiveCfg = Release|Any CPU
		{941AA250-17B9-4D18-9D09-CAE1B5526C39}.Release|Any CPU.Build.0 = Release|Any CPU
		{B87CBCD7-BDC5-4C8C-83B2-E2BD8D84ABC2}.Debug|Any CPU.ActiveCfg = Debug|Any CPU
		{B87CBCD7-BDC5-4C8C-83B2-E2BD8D84ABC2}.Release|Any CPU.ActiveCfg = Release|Any CPU
		{B87CBCD7-BDC5-4C8C-83B2-E2BD8D84ABC2}.Release|Any CPU.Build.0 = Release|Any CPU
		{B87CBCD7-BDC5-4C8C-83B2-E2BD8D84ABC2}.Release|Any CPU.Deploy.0 = Release|Any CPU
		{D8A0FD09-D5AA-4DB3-85DD-1F130FAE191D}.Debug|Any CPU.ActiveCfg = Debug|Any CPU
		{D8A0FD09-D5AA-4DB3-85DD-1F130FAE191D}.Release|Any CPU.ActiveCfg = Release|Any CPU
		{1202F1C2-78FA-4F4C-9EE2-CDC9B1D655A7}.Debug|Any CPU.ActiveCfg = Debug|Any CPU
		{1202F1C2-78FA-4F4C-9EE2-CDC9B1D655A7}.Debug|Any CPU.Build.0 = Debug|Any CPU
		{1202F1C2-78FA-4F4C-9EE2-CDC9B1D655A7}.Release|Any CPU.ActiveCfg = Release|Any CPU
		{1202F1C2-78FA-4F4C-9EE2-CDC9B1D655A7}.Release|Any CPU.Build.0 = Release|Any CPU
	EndGlobalSection
	GlobalSection(SolutionProperties) = preSolution
		HideSolutionNode = FALSE
	EndGlobalSection
	GlobalSection(ExtensibilityGlobals) = postSolution
		SolutionGuid = {4948C69A-EE50-4191-A02A-83C9E5F6C3CB}
	EndGlobalSection
EndGlobal
